
Microsoft Visual Studio Solution File, Format Version 12.00
# Visual Studio Version 17
VisualStudioVersion = 17.7.34024.191
MinimumVisualStudioVersion = 10.0.40219.1
Project("{8BC9CEB8-8B4A-11D0-8D11-00A0C91BC942}") = "Project2", "Project2.vcxproj", "{CDE57FD3-A11E-4896-9FD8-6B15CCEC86D0}"
EndProject
Global
	GlobalSection(SolutionConfigurationPlatforms) = preSolution
		Debug|x64 = Debug|x64
		Debug|x86 = Debug|x86
		Release|x64 = Release|x64
		Release|x86 = Release|x86
	EndGlobalSection
	GlobalSection(ProjectConfigurationPlatforms) = postSolution
		{CDE57FD3-A11E-4896-9FD8-6B15CCEC86D0}.Debug|x64.ActiveCfg = Debug|x64
		{CDE57FD3-A11E-4896-9FD8-6B15CCEC86D0}.Debug|x64.Build.0 = Debug|x64
		{CDE57FD3-A11E-4896-9FD8-6B15CCEC86D0}.Debug|x86.ActiveCfg = Debug|Win32
		{CDE57FD3-A11E-4896-9FD8-6B15CCEC86D0}.Debug|x86.Build.0 = Debug|Win32
		{CDE57FD3-A11E-4896-9FD8-6B15CCEC86D0}.Release|x64.ActiveCfg = Release|x64
		{CDE57FD3-A11E-4896-9FD8-6B15CCEC86D0}.Release|x64.Build.0 = Release|x64
		{CDE57FD3-A11E-4896-9FD8-6B15CCEC86D0}.Release|x86.ActiveCfg = Release|Win32
		{CDE57FD3-A11E-4896-9FD8-6B15CCEC86D0}.Release|x86.Build.0 = Release|Win32
	EndGlobalSection
	GlobalSection(SolutionProperties) = preSolution
		HideSolutionNode = FALSE
	EndGlobalSection
	GlobalSection(ExtensibilityGlobals) = postSolution
		SolutionGuid = {716C81AE-6964-4A36-9C9F-A8C1DDCD5048}
	EndGlobalSection
EndGlobal
